
Microsoft Visual Studio Solution File, Format Version 12.00
# Visual Studio Version 17
VisualStudioVersion = 17.5.33627.172
MinimumVisualStudioVersion = 10.0.40219.1
Project("{2150E333-8FDC-42A3-9474-1A3956D46DE8}") = "Services", "Services", "{3D7DD5FF-55FA-4DA8-A419-BDD04AF7E75D}"
EndProject
Project("{2150E333-8FDC-42A3-9474-1A3956D46DE8}") = "Catalog", "Catalog", "{3D4802B3-917A-4681-BDCD-042CC374D665}"
EndProject
Project("{2150E333-8FDC-42A3-9474-1A3956D46DE8}") = "Shared", "Shared", "{A7A17BB3-975A-4391-A13F-5536B1B2B10F}"
EndProject
Project("{9A19103F-16F7-4668-BE54-9A1E7A4F7556}") = "FreeCourse.Shared", "Shared\FreeCourse.Shared\FreeCourse.Shared.csproj", "{5B3B9BB9-317F-4A4B-AE2B-C494771F63DE}"
EndProject
Project("{9A19103F-16F7-4668-BE54-9A1E7A4F7556}") = "FreeCourse.Services.Catalog", "Services\Catalog\FreeCourse.Services.Catalog\FreeCourse.Services.Catalog.csproj", "{C6E39159-4829-4C86-A291-595A6FFEA2A8}"
EndProject
Project("{2150E333-8FDC-42A3-9474-1A3956D46DE8}") = "IdentityServer", "IdentityServer", "{CA90E06D-3F00-48A7-948F-FF463FF1B937}"
EndProject
Project("{9A19103F-16F7-4668-BE54-9A1E7A4F7556}") = "FreeCourse.IdentityServer", "IdentityServer\FreeCourse.IdentityServer\FreeCourse.IdentityServer.csproj", "{B6BB6801-6899-42EF-BF5D-6667BC3320A4}"
EndProject
Project("{2150E333-8FDC-42A3-9474-1A3956D46DE8}") = "PhotoStock", "PhotoStock", "{E0B9159A-FF61-4E66-A466-E472F8F0E844}"
EndProject
Project("{9A19103F-16F7-4668-BE54-9A1E7A4F7556}") = "FreeCourse.Services.PhotoStock", "Services\PhotoStock\FreeCourse.Services.PhotoStock\FreeCourse.Services.PhotoStock.csproj", "{AF9D226A-C1A5-44E7-906C-839604BA459A}"
EndProject
Project("{2150E333-8FDC-42A3-9474-1A3956D46DE8}") = "Basket", "Basket", "{6B062F52-63BF-4227-B804-E03179FE66DC}"
EndProject
Project("{9A19103F-16F7-4668-BE54-9A1E7A4F7556}") = "FreeCourse.Services.Basket", "Services\Basket\FreeCourse.Services.Basket\FreeCourse.Services.Basket.csproj", "{8EE29285-1B54-452F-9626-7F375EE0A02F}"
EndProject
Project("{2150E333-8FDC-42A3-9474-1A3956D46DE8}") = "Discount", "Discount", "{DBA907A4-E8F6-4F41-81D0-5B05370ECF0D}"
EndProject
Project("{9A19103F-16F7-4668-BE54-9A1E7A4F7556}") = "FreeCourse.Services.Discount", "Services\Discount\FreeCourse.Services.Discount\FreeCourse.Services.Discount.csproj", "{AF9DC45B-4FF6-4650-99CD-FF2D7E686960}"
EndProject
Project("{2150E333-8FDC-42A3-9474-1A3956D46DE8}") = "Order", "Order", "{A166CF28-D40B-44A2-BAE0-B9CA870F9A80}"
EndProject
Project("{9A19103F-16F7-4668-BE54-9A1E7A4F7556}") = "FreeCourse.Services.Order.API", "Services\Order\FreeCourse.Services.Order.API\FreeCourse.Services.Order.API.csproj", "{D6038052-E287-4A4F-89AE-735D407A3218}"
EndProject
Project("{9A19103F-16F7-4668-BE54-9A1E7A4F7556}") = "FreeCourse.Services.Order.Application", "Services\Order\FreeCourse.Services.Order.Application\FreeCourse.Services.Order.Application.csproj", "{9377A710-0472-420A-B272-883196292F41}"
EndProject
Project("{9A19103F-16F7-4668-BE54-9A1E7A4F7556}") = "FreeCourse.Services.Order.Domain", "Services\Order\FreeCourse.Services.Order.Domain\FreeCourse.Services.Order.Domain.csproj", "{B3395137-2793-40E4-A87C-9E32220B9D8F}"
EndProject
Project("{9A19103F-16F7-4668-BE54-9A1E7A4F7556}") = "FreeCourse.Services.Order.Domain.Core", "Services\Order\FreeCourse.Services.Order.Domain.Core\FreeCourse.Services.Order.Domain.Core.csproj", "{D6DA0D64-B314-4EE2-A021-A33E13E5E3A4}"
EndProject
Project("{9A19103F-16F7-4668-BE54-9A1E7A4F7556}") = "FreeCourse.Services.Order.Infrastructure", "Services\Order\FreeCourse.Services.Order.Infrastructure\FreeCourse.Services.Order.Infrastructure.csproj", "{B4011048-4E47-4127-A0D7-E3E987AC2406}"
EndProject
Project("{2150E333-8FDC-42A3-9474-1A3956D46DE8}") = "FakePayment", "FakePayment", "{0112645A-87B1-4004-B46F-8CD3FAF00BF2}"
EndProject
Project("{9A19103F-16F7-4668-BE54-9A1E7A4F7556}") = "FreeCourse.Services.FakePayment", "Services\FakePayment\FreeCourse.Services.FakePayment\FreeCourse.Services.FakePayment.csproj", "{B6B29E7D-4809-430E-8AC8-4BDFE1775C5E}"
EndProject
Project("{2150E333-8FDC-42A3-9474-1A3956D46DE8}") = "SolutionItems", "SolutionItems", "{B7A92004-B225-4D0A-AF04-DA49D58DD07E}"
	ProjectSection(SolutionItems) = preProject
		SolutionItems\MicroService.PNG = SolutionItems\MicroService.PNG
		SolutionItems\Ports.txt = SolutionItems\Ports.txt
		SolutionItems\Sorunlar_Çözümler.txt = SolutionItems\Sorunlar_Çözümler.txt
	EndProjectSection
EndProject
Project("{2150E333-8FDC-42A3-9474-1A3956D46DE8}") = "Gateways", "Gateways", "{6DE3C9F4-A018-4B20-9101-59DD46B51A9B}"
EndProject
Project("{9A19103F-16F7-4668-BE54-9A1E7A4F7556}") = "FreeCourse.Gateway", "FreeCourse.Gateway\FreeCourse.Gateway.csproj", "{05B3DB75-366E-4789-8839-F6407E86A44A}"
EndProject
Project("{2150E333-8FDC-42A3-9474-1A3956D46DE8}") = "Frontends", "Frontends", "{AA0C0CE5-20DD-4388-9231-F56CC4F386FD}"
EndProject
Project("{FAE04EC0-301F-11D3-BF4B-00C04F79EFBC}") = "FreeCourse.Web", "Frontends\FreeCourse.Web\FreeCourse.Web.csproj", "{2208C484-CD0D-4CAA-A74C-D5ED16D448C8}"
EndProject
Global
	GlobalSection(SolutionConfigurationPlatforms) = preSolution
		Debug|Any CPU = Debug|Any CPU
		Release|Any CPU = Release|Any CPU
	EndGlobalSection
	GlobalSection(ProjectConfigurationPlatforms) = postSolution
		{5B3B9BB9-317F-4A4B-AE2B-C494771F63DE}.Debug|Any CPU.ActiveCfg = Debug|Any CPU
		{5B3B9BB9-317F-4A4B-AE2B-C494771F63DE}.Debug|Any CPU.Build.0 = Debug|Any CPU
		{5B3B9BB9-317F-4A4B-AE2B-C494771F63DE}.Release|Any CPU.ActiveCfg = Release|Any CPU
		{5B3B9BB9-317F-4A4B-AE2B-C494771F63DE}.Release|Any CPU.Build.0 = Release|Any CPU
		{C6E39159-4829-4C86-A291-595A6FFEA2A8}.Debug|Any CPU.ActiveCfg = Debug|Any CPU
		{C6E39159-4829-4C86-A291-595A6FFEA2A8}.Debug|Any CPU.Build.0 = Debug|Any CPU
		{C6E39159-4829-4C86-A291-595A6FFEA2A8}.Release|Any CPU.ActiveCfg = Release|Any CPU
		{C6E39159-4829-4C86-A291-595A6FFEA2A8}.Release|Any CPU.Build.0 = Release|Any CPU
		{B6BB6801-6899-42EF-BF5D-6667BC3320A4}.Debug|Any CPU.ActiveCfg = Debug|Any CPU
		{B6BB6801-6899-42EF-BF5D-6667BC3320A4}.Debug|Any CPU.Build.0 = Debug|Any CPU
		{B6BB6801-6899-42EF-BF5D-6667BC3320A4}.Release|Any CPU.ActiveCfg = Release|Any CPU
		{B6BB6801-6899-42EF-BF5D-6667BC3320A4}.Release|Any CPU.Build.0 = Release|Any CPU
		{AF9D226A-C1A5-44E7-906C-839604BA459A}.Debug|Any CPU.ActiveCfg = Debug|Any CPU
		{AF9D226A-C1A5-44E7-906C-839604BA459A}.Debug|Any CPU.Build.0 = Debug|Any CPU
		{AF9D226A-C1A5-44E7-906C-839604BA459A}.Release|Any CPU.ActiveCfg = Release|Any CPU
		{AF9D226A-C1A5-44E7-906C-839604BA459A}.Release|Any CPU.Build.0 = Release|Any CPU
		{8EE29285-1B54-452F-9626-7F375EE0A02F}.Debug|Any CPU.ActiveCfg = Debug|Any CPU
		{8EE29285-1B54-452F-9626-7F375EE0A02F}.Debug|Any CPU.Build.0 = Debug|Any CPU
		{8EE29285-1B54-452F-9626-7F375EE0A02F}.Release|Any CPU.ActiveCfg = Release|Any CPU
		{8EE29285-1B54-452F-9626-7F375EE0A02F}.Release|Any CPU.Build.0 = Release|Any CPU
		{AF9DC45B-4FF6-4650-99CD-FF2D7E686960}.Debug|Any CPU.ActiveCfg = Debug|Any CPU
		{AF9DC45B-4FF6-4650-99CD-FF2D7E686960}.Debug|Any CPU.Build.0 = Debug|Any CPU
		{AF9DC45B-4FF6-4650-99CD-FF2D7E686960}.Release|Any CPU.ActiveCfg = Release|Any CPU
		{AF9DC45B-4FF6-4650-99CD-FF2D7E686960}.Release|Any CPU.Build.0 = Release|Any CPU
		{D6038052-E287-4A4F-89AE-735D407A3218}.Debug|Any CPU.ActiveCfg = Debug|Any CPU
		{D6038052-E287-4A4F-89AE-735D407A3218}.Debug|Any CPU.Build.0 = Debug|Any CPU
		{D6038052-E287-4A4F-89AE-735D407A3218}.Release|Any CPU.ActiveCfg = Release|Any CPU
		{D6038052-E287-4A4F-89AE-735D407A3218}.Release|Any CPU.Build.0 = Release|Any CPU
		{9377A710-0472-420A-B272-883196292F41}.Debug|Any CPU.ActiveCfg = Debug|Any CPU
		{9377A710-0472-420A-B272-883196292F41}.Debug|Any CPU.Build.0 = Debug|Any CPU
		{9377A710-0472-420A-B272-883196292F41}.Release|Any CPU.ActiveCfg = Release|Any CPU
		{9377A710-0472-420A-B272-883196292F41}.Release|Any CPU.Build.0 = Release|Any CPU
		{B3395137-2793-40E4-A87C-9E32220B9D8F}.Debug|Any CPU.ActiveCfg = Debug|Any CPU
		{B3395137-2793-40E4-A87C-9E32220B9D8F}.Debug|Any CPU.Build.0 = Debug|Any CPU
		{B3395137-2793-40E4-A87C-9E32220B9D8F}.Release|Any CPU.ActiveCfg = Release|Any CPU
		{B3395137-2793-40E4-A87C-9E32220B9D8F}.Release|Any CPU.Build.0 = Release|Any CPU
		{D6DA0D64-B314-4EE2-A021-A33E13E5E3A4}.Debug|Any CPU.ActiveCfg = Debug|Any CPU
		{D6DA0D64-B314-4EE2-A021-A33E13E5E3A4}.Debug|Any CPU.Build.0 = Debug|Any CPU
		{D6DA0D64-B314-4EE2-A021-A33E13E5E3A4}.Release|Any CPU.ActiveCfg = Release|Any CPU
		{D6DA0D64-B314-4EE2-A021-A33E13E5E3A4}.Release|Any CPU.Build.0 = Release|Any CPU
		{B4011048-4E47-4127-A0D7-E3E987AC2406}.Debug|Any CPU.ActiveCfg = Debug|Any CPU
		{B4011048-4E47-4127-A0D7-E3E987AC2406}.Debug|Any CPU.Build.0 = Debug|Any CPU
		{B4011048-4E47-4127-A0D7-E3E987AC2406}.Release|Any CPU.ActiveCfg = Release|Any CPU
		{B4011048-4E47-4127-A0D7-E3E987AC2406}.Release|Any CPU.Build.0 = Release|Any CPU
		{B6B29E7D-4809-430E-8AC8-4BDFE1775C5E}.Debug|Any CPU.ActiveCfg = Debug|Any CPU
		{B6B29E7D-4809-430E-8AC8-4BDFE1775C5E}.Debug|Any CPU.Build.0 = Debug|Any CPU
		{B6B29E7D-4809-430E-8AC8-4BDFE1775C5E}.Release|Any CPU.ActiveCfg = Release|Any CPU
		{B6B29E7D-4809-430E-8AC8-4BDFE1775C5E}.Release|Any CPU.Build.0 = Release|Any CPU
		{05B3DB75-366E-4789-8839-F6407E86A44A}.Debug|Any CPU.ActiveCfg = Debug|Any CPU
		{05B3DB75-366E-4789-8839-F6407E86A44A}.Debug|Any CPU.Build.0 = Debug|Any CPU
		{05B3DB75-366E-4789-8839-F6407E86A44A}.Release|Any CPU.ActiveCfg = Release|Any CPU
		{05B3DB75-366E-4789-8839-F6407E86A44A}.Release|Any CPU.Build.0 = Release|Any CPU
		{2208C484-CD0D-4CAA-A74C-D5ED16D448C8}.Debug|Any CPU.ActiveCfg = Debug|Any CPU
		{2208C484-CD0D-4CAA-A74C-D5ED16D448C8}.Debug|Any CPU.Build.0 = Debug|Any CPU
		{2208C484-CD0D-4CAA-A74C-D5ED16D448C8}.Release|Any CPU.ActiveCfg = Release|Any CPU
		{2208C484-CD0D-4CAA-A74C-D5ED16D448C8}.Release|Any CPU.Build.0 = Release|Any CPU
	EndGlobalSection
	GlobalSection(SolutionProperties) = preSolution
		HideSolutionNode = FALSE
	EndGlobalSection
	GlobalSection(NestedProjects) = preSolution
		{3D4802B3-917A-4681-BDCD-042CC374D665} = {3D7DD5FF-55FA-4DA8-A419-BDD04AF7E75D}
		{5B3B9BB9-317F-4A4B-AE2B-C494771F63DE} = {A7A17BB3-975A-4391-A13F-5536B1B2B10F}
		{C6E39159-4829-4C86-A291-595A6FFEA2A8} = {3D4802B3-917A-4681-BDCD-042CC374D665}
		{B6BB6801-6899-42EF-BF5D-6667BC3320A4} = {CA90E06D-3F00-48A7-948F-FF463FF1B937}
		{E0B9159A-FF61-4E66-A466-E472F8F0E844} = {3D7DD5FF-55FA-4DA8-A419-BDD04AF7E75D}
		{AF9D226A-C1A5-44E7-906C-839604BA459A} = {E0B9159A-FF61-4E66-A466-E472F8F0E844}
		{6B062F52-63BF-4227-B804-E03179FE66DC} = {3D7DD5FF-55FA-4DA8-A419-BDD04AF7E75D}
		{8EE29285-1B54-452F-9626-7F375EE0A02F} = {6B062F52-63BF-4227-B804-E03179FE66DC}
		{DBA907A4-E8F6-4F41-81D0-5B05370ECF0D} = {3D7DD5FF-55FA-4DA8-A419-BDD04AF7E75D}
		{AF9DC45B-4FF6-4650-99CD-FF2D7E686960} = {DBA907A4-E8F6-4F41-81D0-5B05370ECF0D}
		{D6038052-E287-4A4F-89AE-735D407A3218} = {A166CF28-D40B-44A2-BAE0-B9CA870F9A80}
		{9377A710-0472-420A-B272-883196292F41} = {A166CF28-D40B-44A2-BAE0-B9CA870F9A80}
		{B3395137-2793-40E4-A87C-9E32220B9D8F} = {A166CF28-D40B-44A2-BAE0-B9CA870F9A80}
		{D6DA0D64-B314-4EE2-A021-A33E13E5E3A4} = {A166CF28-D40B-44A2-BAE0-B9CA870F9A80}
		{B4011048-4E47-4127-A0D7-E3E987AC2406} = {A166CF28-D40B-44A2-BAE0-B9CA870F9A80}
		{0112645A-87B1-4004-B46F-8CD3FAF00BF2} = {3D7DD5FF-55FA-4DA8-A419-BDD04AF7E75D}
		{B6B29E7D-4809-430E-8AC8-4BDFE1775C5E} = {0112645A-87B1-4004-B46F-8CD3FAF00BF2}
		{05B3DB75-366E-4789-8839-F6407E86A44A} = {6DE3C9F4-A018-4B20-9101-59DD46B51A9B}
		{2208C484-CD0D-4CAA-A74C-D5ED16D448C8} = {AA0C0CE5-20DD-4388-9231-F56CC4F386FD}
	EndGlobalSection
	GlobalSection(ExtensibilityGlobals) = postSolution
		SolutionGuid = {FFA9D254-DEAA-472B-81A4-C0C5D3B2E472}
	EndGlobalSection
EndGlobal
