
Microsoft Visual Studio Solution File, Format Version 12.00
# Visual Studio Version 17
VisualStudioVersion = 17.5.33627.172
MinimumVisualStudioVersion = 10.0.40219.1
Project("{2150E333-8FDC-42A3-9474-1A3956D46DE8}") = "Services", "Services", "{3D7DD5FF-55FA-4DA8-A419-BDD04AF7E75D}"
EndProject
Project("{2150E333-8FDC-42A3-9474-1A3956D46DE8}") = "Catalog", "Catalog", "{3D4802B3-917A-4681-BDCD-042CC374D665}"
EndProject
Project("{2150E333-8FDC-42A3-9474-1A3956D46DE8}") = "Solution Items", "Solution Items", "{0591D1D5-35B0-44A4-807D-7C56F9FAC2E0}"
	ProjectSection(SolutionItems) = preProject
		Ports.txt = Ports.txt
	EndProjectSection
EndProject
Project("{2150E333-8FDC-42A3-9474-1A3956D46DE8}") = "Shared", "Shared", "{A7A17BB3-975A-4391-A13F-5536B1B2B10F}"
EndProject
Project("{9A19103F-16F7-4668-BE54-9A1E7A4F7556}") = "FreeCourse.Shared", "Shared\FreeCourse.Shared\FreeCourse.Shared.csproj", "{5B3B9BB9-317F-4A4B-AE2B-C494771F63DE}"
EndProject
Project("{9A19103F-16F7-4668-BE54-9A1E7A4F7556}") = "FreeCourse.Services.Catalog", "Services\Catalog\FreeCourse.Services.Catalog\FreeCourse.Services.Catalog.csproj", "{C6E39159-4829-4C86-A291-595A6FFEA2A8}"
EndProject
Project("{2150E333-8FDC-42A3-9474-1A3956D46DE8}") = "IdentityServer", "IdentityServer", "{CA90E06D-3F00-48A7-948F-FF463FF1B937}"
EndProject
Project("{9A19103F-16F7-4668-BE54-9A1E7A4F7556}") = "FreeCourse.IdentityServer", "IdentityServer\FreeCourse.IdentityServer\FreeCourse.IdentityServer.csproj", "{B6BB6801-6899-42EF-BF5D-6667BC3320A4}"
EndProject
Global
	GlobalSection(SolutionConfigurationPlatforms) = preSolution
		Debug|Any CPU = Debug|Any CPU
		Release|Any CPU = Release|Any CPU
	EndGlobalSection
	GlobalSection(ProjectConfigurationPlatforms) = postSolution
		{5B3B9BB9-317F-4A4B-AE2B-C494771F63DE}.Debug|Any CPU.ActiveCfg = Debug|Any CPU
		{5B3B9BB9-317F-4A4B-AE2B-C494771F63DE}.Debug|Any CPU.Build.0 = Debug|Any CPU
		{5B3B9BB9-317F-4A4B-AE2B-C494771F63DE}.Release|Any CPU.ActiveCfg = Release|Any CPU
		{5B3B9BB9-317F-4A4B-AE2B-C494771F63DE}.Release|Any CPU.Build.0 = Release|Any CPU
		{C6E39159-4829-4C86-A291-595A6FFEA2A8}.Debug|Any CPU.ActiveCfg = Debug|Any CPU
		{C6E39159-4829-4C86-A291-595A6FFEA2A8}.Debug|Any CPU.Build.0 = Debug|Any CPU
		{C6E39159-4829-4C86-A291-595A6FFEA2A8}.Release|Any CPU.ActiveCfg = Release|Any CPU
		{C6E39159-4829-4C86-A291-595A6FFEA2A8}.Release|Any CPU.Build.0 = Release|Any CPU
		{B6BB6801-6899-42EF-BF5D-6667BC3320A4}.Debug|Any CPU.ActiveCfg = Debug|Any CPU
		{B6BB6801-6899-42EF-BF5D-6667BC3320A4}.Debug|Any CPU.Build.0 = Debug|Any CPU
		{B6BB6801-6899-42EF-BF5D-6667BC3320A4}.Release|Any CPU.ActiveCfg = Release|Any CPU
		{B6BB6801-6899-42EF-BF5D-6667BC3320A4}.Release|Any CPU.Build.0 = Release|Any CPU
	EndGlobalSection
	GlobalSection(SolutionProperties) = preSolution
		HideSolutionNode = FALSE
	EndGlobalSection
	GlobalSection(NestedProjects) = preSolution
		{3D4802B3-917A-4681-BDCD-042CC374D665} = {3D7DD5FF-55FA-4DA8-A419-BDD04AF7E75D}
		{5B3B9BB9-317F-4A4B-AE2B-C494771F63DE} = {A7A17BB3-975A-4391-A13F-5536B1B2B10F}
		{C6E39159-4829-4C86-A291-595A6FFEA2A8} = {3D4802B3-917A-4681-BDCD-042CC374D665}
		{B6BB6801-6899-42EF-BF5D-6667BC3320A4} = {CA90E06D-3F00-48A7-948F-FF463FF1B937}
	EndGlobalSection
	GlobalSection(ExtensibilityGlobals) = postSolution
		SolutionGuid = {FFA9D254-DEAA-472B-81A4-C0C5D3B2E472}
	EndGlobalSection
EndGlobal
